// !$*UTF8*$!
{
	archiveVersion = 1;
	classes = {
	};
	objectVersion = 51;
	objects = {

/* Begin PBXBuildFile section */
		6C10815F25508B6800464DF7 /* RootView.swift in Sources */ = {isa = PBXBuildFile; fileRef = 6C10815E25508B6800464DF7 /* RootView.swift */; };
		6C1B596B254467E500D44A4E /* TaskState.swift in Sources */ = {isa = PBXBuildFile; fileRef = 6C1B596A254467E500D44A4E /* TaskState.swift */; };
		6C244AF82573E0A6004015DE /* Course.swift in Sources */ = {isa = PBXBuildFile; fileRef = 6C244AF72573E0A6004015DE /* Course.swift */; };
		6C307106252876D000B645C1 /* Task.swift in Sources */ = {isa = PBXBuildFile; fileRef = 6C307105252876D000B645C1 /* Task.swift */; };
		6C3071092528BC3C00B645C1 /* TaskListView.swift in Sources */ = {isa = PBXBuildFile; fileRef = 6C3071082528BC3C00B645C1 /* TaskListView.swift */; };
		6C307128252DF25400B645C1 /* Result.swift in Sources */ = {isa = PBXBuildFile; fileRef = 6C307127252DF25300B645C1 /* Result.swift */; };
		6C3105C724EA9E2A0017F99F /* CanvasWrapper.swift in Sources */ = {isa = PBXBuildFile; fileRef = 6C3105C624EA9E2A0017F99F /* CanvasWrapper.swift */; };
		6C36CFA325AF2F20001A2FDE /* CourseListView.swift in Sources */ = {isa = PBXBuildFile; fileRef = 6C36CFA225AF2F20001A2FDE /* CourseListView.swift */; };
		6C4B8660253604CE000CB7E0 /* Web in Resources */ = {isa = PBXBuildFile; fileRef = 6C4B865F253604CE000CB7E0 /* Web */; };
		6C53439925AF39DF00BE544B /* Courses.swift in Sources */ = {isa = PBXBuildFile; fileRef = 6C53439825AF39DF00BE544B /* Courses.swift */; };
		6C5A88F525D1647F00A7FD02 /* CourseProgressView.swift in Sources */ = {isa = PBXBuildFile; fileRef = 6C5A88F425D1647F00A7FD02 /* CourseProgressView.swift */; };
		6C67B1E42555CF750062B12B /* ResultProgressView.swift in Sources */ = {isa = PBXBuildFile; fileRef = 6C67B1E32555CF750062B12B /* ResultProgressView.swift */; };
		6C6B613725A1CCE2004ADDBA /* TaskOverlayView.swift in Sources */ = {isa = PBXBuildFile; fileRef = 6C6B613625A1CCE2004ADDBA /* TaskOverlayView.swift */; };
		6C6B613A25A1CF65004ADDBA /* StepFailView.swift in Sources */ = {isa = PBXBuildFile; fileRef = 6C6B613925A1CF65004ADDBA /* StepFailView.swift */; };
		6C6B613D25A1D128004ADDBA /* WhyFailedView.swift in Sources */ = {isa = PBXBuildFile; fileRef = 6C6B613C25A1D128004ADDBA /* WhyFailedView.swift */; };
		6C6B614225A1DC0B004ADDBA /* MyImageView.swift in Sources */ = {isa = PBXBuildFile; fileRef = 6C6B614125A1DC0B004ADDBA /* MyImageView.swift */; };
		6C6B615025A1F202004ADDBA /* LucidaGrande.ttf in Resources */ = {isa = PBXBuildFile; fileRef = 6C6B614725A1EC8D004ADDBA /* LucidaGrande.ttf */; };
		6C81834625A31A730023EF67 /* TaskMenuView.swift in Sources */ = {isa = PBXBuildFile; fileRef = 6C81834525A31A730023EF67 /* TaskMenuView.swift */; };
		6C89EA1B259F6D8300CD8741 /* StepSuccessView.swift in Sources */ = {isa = PBXBuildFile; fileRef = 6C89EA1A259F6D8300CD8741 /* StepSuccessView.swift */; };
		6C89EA1E259F6DA200CD8741 /* TaskResultView.swift in Sources */ = {isa = PBXBuildFile; fileRef = 6C89EA1D259F6DA200CD8741 /* TaskResultView.swift */; };
		6C89EA22259F75CA00CD8741 /* ResultDetailsView.swift in Sources */ = {isa = PBXBuildFile; fileRef = 6C89EA21259F75CA00CD8741 /* ResultDetailsView.swift */; };
		6CA1D2192534ACA600CDDDFE /* WebViewWrapper.swift in Sources */ = {isa = PBXBuildFile; fileRef = 6CA1D2182534ACA600CDDDFE /* WebViewWrapper.swift */; };
		6CAE185725B06C9B008AFD31 /* CourseListState.swift in Sources */ = {isa = PBXBuildFile; fileRef = 6CAE185625B06C9B008AFD31 /* CourseListState.swift */; };
		6CB5E22E24EA71B30002E77B /* AppDelegate.swift in Sources */ = {isa = PBXBuildFile; fileRef = 6CB5E22D24EA71B30002E77B /* AppDelegate.swift */; };
		6CB5E23024EA71B30002E77B /* SceneDelegate.swift in Sources */ = {isa = PBXBuildFile; fileRef = 6CB5E22F24EA71B30002E77B /* SceneDelegate.swift */; };
		6CB5E23224EA71B30002E77B /* TaskView.swift in Sources */ = {isa = PBXBuildFile; fileRef = 6CB5E23124EA71B30002E77B /* TaskView.swift */; };
		6CB5E23424EA71B40002E77B /* Assets.xcassets in Resources */ = {isa = PBXBuildFile; fileRef = 6CB5E23324EA71B40002E77B /* Assets.xcassets */; };
		6CB5E23724EA71B40002E77B /* Preview Assets.xcassets in Resources */ = {isa = PBXBuildFile; fileRef = 6CB5E23624EA71B40002E77B /* Preview Assets.xcassets */; };
		6CB5E23A24EA71B40002E77B /* LaunchScreen.storyboard in Resources */ = {isa = PBXBuildFile; fileRef = 6CB5E23824EA71B40002E77B /* LaunchScreen.storyboard */; };
		6CB5E24824EA7B8E0002E77B /* MaLiang in Resources */ = {isa = PBXBuildFile; fileRef = 6CB5E24724EA7B8E0002E77B /* MaLiang */; };
		6CD1912925BC5F1700D3C792 /* CourseDescriptionView.swift in Sources */ = {isa = PBXBuildFile; fileRef = 6CD1912825BC5F1700D3C792 /* CourseDescriptionView.swift */; };
		6CD9169725A1FB11005AF586 /* LithosPro-Regular.otf in Resources */ = {isa = PBXBuildFile; fileRef = 6CD9169625A1FB11005AF586 /* LithosPro-Regular.otf */; };
		6CDD7CC82551CDF700E750C2 /* LazyView.swift in Sources */ = {isa = PBXBuildFile; fileRef = 6CDD7CC72551CDF700E750C2 /* LazyView.swift */; };
		6CF01E9425D1AAD5004E8695 /* CourseListItemView.swift in Sources */ = {isa = PBXBuildFile; fileRef = 6CF01E9325D1AAD5004E8695 /* CourseListItemView.swift */; };
		6CF1708E25912C13000DB2A9 /* extensions.swift in Sources */ = {isa = PBXBuildFile; fileRef = 6CF1708D25912C13000DB2A9 /* extensions.swift */; };
		6CF1709225924A88000DB2A9 /* pencil.png in Resources */ = {isa = PBXBuildFile; fileRef = 6CF1709125924A88000DB2A9 /* pencil.png */; };
		6CF5926C25A9F8B7003E9E03 /* CarouselView.swift in Sources */ = {isa = PBXBuildFile; fileRef = 6CF5926B25A9F8B7003E9E03 /* CarouselView.swift */; };
		D07906C5821EEF980BBDFC82 /* Pods_DoodleMaster.framework in Frameworks */ = {isa = PBXBuildFile; fileRef = FE0F85B8B79C173B5CFFC7B0 /* Pods_DoodleMaster.framework */; };
/* End PBXBuildFile section */

/* Begin PBXFileReference section */
		6C10815E25508B6800464DF7 /* RootView.swift */ = {isa = PBXFileReference; lastKnownFileType = sourcecode.swift; path = RootView.swift; sourceTree = "<group>"; };
		6C1B596A254467E500D44A4E /* TaskState.swift */ = {isa = PBXFileReference; lastKnownFileType = sourcecode.swift; path = TaskState.swift; sourceTree = "<group>"; };
		6C244AF72573E0A6004015DE /* Course.swift */ = {isa = PBXFileReference; lastKnownFileType = sourcecode.swift; path = Course.swift; sourceTree = "<group>"; };
		6C307105252876D000B645C1 /* Task.swift */ = {isa = PBXFileReference; lastKnownFileType = sourcecode.swift; path = Task.swift; sourceTree = "<group>"; };
		6C3071082528BC3C00B645C1 /* TaskListView.swift */ = {isa = PBXFileReference; lastKnownFileType = sourcecode.swift; path = TaskListView.swift; sourceTree = "<group>"; };
		6C307127252DF25300B645C1 /* Result.swift */ = {isa = PBXFileReference; lastKnownFileType = sourcecode.swift; path = Result.swift; sourceTree = "<group>"; };
		6C3105C624EA9E2A0017F99F /* CanvasWrapper.swift */ = {isa = PBXFileReference; lastKnownFileType = sourcecode.swift; path = CanvasWrapper.swift; sourceTree = "<group>"; };
		6C36CFA225AF2F20001A2FDE /* CourseListView.swift */ = {isa = PBXFileReference; lastKnownFileType = sourcecode.swift; path = CourseListView.swift; sourceTree = "<group>"; };
		6C4B865F253604CE000CB7E0 /* Web */ = {isa = PBXFileReference; lastKnownFileType = folder; path = Web; sourceTree = "<group>"; };
		6C53439825AF39DF00BE544B /* Courses.swift */ = {isa = PBXFileReference; lastKnownFileType = sourcecode.swift; path = Courses.swift; sourceTree = "<group>"; };
		6C5A88F425D1647F00A7FD02 /* CourseProgressView.swift */ = {isa = PBXFileReference; lastKnownFileType = sourcecode.swift; path = CourseProgressView.swift; sourceTree = "<group>"; };
		6C67B1E32555CF750062B12B /* ResultProgressView.swift */ = {isa = PBXFileReference; lastKnownFileType = sourcecode.swift; path = ResultProgressView.swift; sourceTree = "<group>"; };
		6C6B613625A1CCE2004ADDBA /* TaskOverlayView.swift */ = {isa = PBXFileReference; lastKnownFileType = sourcecode.swift; path = TaskOverlayView.swift; sourceTree = "<group>"; };
		6C6B613925A1CF65004ADDBA /* StepFailView.swift */ = {isa = PBXFileReference; lastKnownFileType = sourcecode.swift; path = StepFailView.swift; sourceTree = "<group>"; };
		6C6B613C25A1D128004ADDBA /* WhyFailedView.swift */ = {isa = PBXFileReference; lastKnownFileType = sourcecode.swift; path = WhyFailedView.swift; sourceTree = "<group>"; };
		6C6B614125A1DC0B004ADDBA /* MyImageView.swift */ = {isa = PBXFileReference; lastKnownFileType = sourcecode.swift; path = MyImageView.swift; sourceTree = "<group>"; };
		6C6B614725A1EC8D004ADDBA /* LucidaGrande.ttf */ = {isa = PBXFileReference; lastKnownFileType = file; path = LucidaGrande.ttf; sourceTree = "<group>"; };
		6C81834525A31A730023EF67 /* TaskMenuView.swift */ = {isa = PBXFileReference; lastKnownFileType = sourcecode.swift; path = TaskMenuView.swift; sourceTree = "<group>"; };
		6C89EA1A259F6D8300CD8741 /* StepSuccessView.swift */ = {isa = PBXFileReference; lastKnownFileType = sourcecode.swift; path = StepSuccessView.swift; sourceTree = "<group>"; };
		6C89EA1D259F6DA200CD8741 /* TaskResultView.swift */ = {isa = PBXFileReference; lastKnownFileType = sourcecode.swift; path = TaskResultView.swift; sourceTree = "<group>"; };
		6C89EA21259F75CA00CD8741 /* ResultDetailsView.swift */ = {isa = PBXFileReference; lastKnownFileType = sourcecode.swift; path = ResultDetailsView.swift; sourceTree = "<group>"; };
		6CA1D2182534ACA600CDDDFE /* WebViewWrapper.swift */ = {isa = PBXFileReference; lastKnownFileType = sourcecode.swift; path = WebViewWrapper.swift; sourceTree = "<group>"; };
		6CAE185625B06C9B008AFD31 /* CourseListState.swift */ = {isa = PBXFileReference; lastKnownFileType = sourcecode.swift; path = CourseListState.swift; sourceTree = "<group>"; };
		6CB5E22A24EA71B30002E77B /* Art Workout.app */ = {isa = PBXFileReference; explicitFileType = wrapper.application; includeInIndex = 0; path = "Art Workout.app"; sourceTree = BUILT_PRODUCTS_DIR; };
		6CB5E22D24EA71B30002E77B /* AppDelegate.swift */ = {isa = PBXFileReference; lastKnownFileType = sourcecode.swift; path = AppDelegate.swift; sourceTree = "<group>"; };
		6CB5E22F24EA71B30002E77B /* SceneDelegate.swift */ = {isa = PBXFileReference; lastKnownFileType = sourcecode.swift; path = SceneDelegate.swift; sourceTree = "<group>"; };
		6CB5E23124EA71B30002E77B /* TaskView.swift */ = {isa = PBXFileReference; lastKnownFileType = sourcecode.swift; path = TaskView.swift; sourceTree = "<group>"; };
		6CB5E23324EA71B40002E77B /* Assets.xcassets */ = {isa = PBXFileReference; lastKnownFileType = folder.assetcatalog; path = Assets.xcassets; sourceTree = "<group>"; };
		6CB5E23624EA71B40002E77B /* Preview Assets.xcassets */ = {isa = PBXFileReference; lastKnownFileType = folder.assetcatalog; path = "Preview Assets.xcassets"; sourceTree = "<group>"; };
		6CB5E23924EA71B40002E77B /* Base */ = {isa = PBXFileReference; lastKnownFileType = file.storyboard; name = Base; path = Base.lproj/LaunchScreen.storyboard; sourceTree = "<group>"; };
		6CB5E23B24EA71B40002E77B /* Info.plist */ = {isa = PBXFileReference; lastKnownFileType = text.plist.xml; path = Info.plist; sourceTree = "<group>"; };
		6CB5E24524EA7B720002E77B /* MaLiang */ = {isa = PBXFileReference; lastKnownFileType = folder; path = MaLiang; sourceTree = "<group>"; };
		6CB5E24724EA7B8E0002E77B /* MaLiang */ = {isa = PBXFileReference; lastKnownFileType = folder; path = MaLiang; sourceTree = "<group>"; };
		6CD1912825BC5F1700D3C792 /* CourseDescriptionView.swift */ = {isa = PBXFileReference; lastKnownFileType = sourcecode.swift; path = CourseDescriptionView.swift; sourceTree = "<group>"; };
		6CD9169625A1FB11005AF586 /* LithosPro-Regular.otf */ = {isa = PBXFileReference; lastKnownFileType = file; path = "LithosPro-Regular.otf"; sourceTree = "<group>"; };
		6CDD7CC72551CDF700E750C2 /* LazyView.swift */ = {isa = PBXFileReference; lastKnownFileType = sourcecode.swift; path = LazyView.swift; sourceTree = "<group>"; };
		6CF01E9325D1AAD5004E8695 /* CourseListItemView.swift */ = {isa = PBXFileReference; lastKnownFileType = sourcecode.swift; path = CourseListItemView.swift; sourceTree = "<group>"; };
		6CF1708D25912C13000DB2A9 /* extensions.swift */ = {isa = PBXFileReference; lastKnownFileType = sourcecode.swift; path = extensions.swift; sourceTree = "<group>"; };
		6CF1709125924A88000DB2A9 /* pencil.png */ = {isa = PBXFileReference; lastKnownFileType = image.png; path = pencil.png; sourceTree = "<group>"; };
		6CF5926B25A9F8B7003E9E03 /* CarouselView.swift */ = {isa = PBXFileReference; lastKnownFileType = sourcecode.swift; name = CarouselView.swift; path = DoodleMaster/Views/Components/CarouselView.swift; sourceTree = SOURCE_ROOT; };
		6DF4032C3D9C4B591B33B725 /* Pods-DoodleMaster.debug.xcconfig */ = {isa = PBXFileReference; includeInIndex = 1; lastKnownFileType = text.xcconfig; name = "Pods-DoodleMaster.debug.xcconfig"; path = "Target Support Files/Pods-DoodleMaster/Pods-DoodleMaster.debug.xcconfig"; sourceTree = "<group>"; };
		A63DDCAC882B24748BF10D54 /* Pods-DoodleMaster.release.xcconfig */ = {isa = PBXFileReference; includeInIndex = 1; lastKnownFileType = text.xcconfig; name = "Pods-DoodleMaster.release.xcconfig"; path = "Target Support Files/Pods-DoodleMaster/Pods-DoodleMaster.release.xcconfig"; sourceTree = "<group>"; };
		FE0F85B8B79C173B5CFFC7B0 /* Pods_DoodleMaster.framework */ = {isa = PBXFileReference; explicitFileType = wrapper.framework; includeInIndex = 0; path = Pods_DoodleMaster.framework; sourceTree = BUILT_PRODUCTS_DIR; };
/* End PBXFileReference section */

/* Begin PBXFrameworksBuildPhase section */
		6CB5E22724EA71B30002E77B /* Frameworks */ = {
			isa = PBXFrameworksBuildPhase;
			buildActionMask = 2147483647;
			files = (
				D07906C5821EEF980BBDFC82 /* Pods_DoodleMaster.framework in Frameworks */,
			);
			runOnlyForDeploymentPostprocessing = 0;
		};
/* End PBXFrameworksBuildPhase section */

/* Begin PBXGroup section */
		11D9BA740FEE31A7CFF6B9EC /* Pods */ = {
			isa = PBXGroup;
			children = (
				6DF4032C3D9C4B591B33B725 /* Pods-DoodleMaster.debug.xcconfig */,
				A63DDCAC882B24748BF10D54 /* Pods-DoodleMaster.release.xcconfig */,
			);
			path = Pods;
			sourceTree = "<group>";
		};
		2626117F4B8834D0CA4CC50E /* Frameworks */ = {
			isa = PBXGroup;
			children = (
				6CB5E24524EA7B720002E77B /* MaLiang */,
				6CB5E24724EA7B8E0002E77B /* MaLiang */,
				FE0F85B8B79C173B5CFFC7B0 /* Pods_DoodleMaster.framework */,
			);
			name = Frameworks;
			sourceTree = "<group>";
		};
		6C10815C25508A8900464DF7 /* Views */ = {
			isa = PBXGroup;
			children = (
				6C36CFA625AF2FB6001A2FDE /* Components */,
				6C36CFA225AF2F20001A2FDE /* CourseListView.swift */,
				6CDD7CC72551CDF700E750C2 /* LazyView.swift */,
				6C10815E25508B6800464DF7 /* RootView.swift */,
				6C6B613925A1CF65004ADDBA /* StepFailView.swift */,
				6C3071082528BC3C00B645C1 /* TaskListView.swift */,
				6C89EA1D259F6DA200CD8741 /* TaskResultView.swift */,
				6CB5E23124EA71B30002E77B /* TaskView.swift */,
			);
			path = Views;
			sourceTree = "<group>";
		};
		6C10815D25508AB500464DF7 /* Models */ = {
			isa = PBXGroup;
			children = (
				6C244AF72573E0A6004015DE /* Course.swift */,
				6CAE185625B06C9B008AFD31 /* CourseListState.swift */,
				6C53439825AF39DF00BE544B /* Courses.swift */,
				6C307127252DF25300B645C1 /* Result.swift */,
				6C307105252876D000B645C1 /* Task.swift */,
				6C1B596A254467E500D44A4E /* TaskState.swift */,
			);
			path = Models;
			sourceTree = "<group>";
		};
		6C36CFA625AF2FB6001A2FDE /* Components */ = {
			isa = PBXGroup;
			children = (
				6C3105C624EA9E2A0017F99F /* CanvasWrapper.swift */,
				6CF5926B25A9F8B7003E9E03 /* CarouselView.swift */,
				6C6B614125A1DC0B004ADDBA /* MyImageView.swift */,
				6C89EA21259F75CA00CD8741 /* ResultDetailsView.swift */,
				6C67B1E32555CF750062B12B /* ResultProgressView.swift */,
				6C89EA1A259F6D8300CD8741 /* StepSuccessView.swift */,
				6C81834525A31A730023EF67 /* TaskMenuView.swift */,
				6C6B613625A1CCE2004ADDBA /* TaskOverlayView.swift */,
				6CA1D2182534ACA600CDDDFE /* WebViewWrapper.swift */,
				6C6B613C25A1D128004ADDBA /* WhyFailedView.swift */,
				6CD1912825BC5F1700D3C792 /* CourseDescriptionView.swift */,
				6C5A88F425D1647F00A7FD02 /* CourseProgressView.swift */,
				6CF01E9325D1AAD5004E8695 /* CourseListItemView.swift */,
			);
			path = Components;
			sourceTree = "<group>";
		};
		6CB5E22124EA71B30002E77B = {
			isa = PBXGroup;
			children = (
				6CB5E22C24EA71B30002E77B /* DoodleMaster */,
				6CB5E22B24EA71B30002E77B /* Products */,
				11D9BA740FEE31A7CFF6B9EC /* Pods */,
				2626117F4B8834D0CA4CC50E /* Frameworks */,
			);
			sourceTree = "<group>";
		};
		6CB5E22B24EA71B30002E77B /* Products */ = {
			isa = PBXGroup;
			children = (
				6CB5E22A24EA71B30002E77B /* Art Workout.app */,
			);
			name = Products;
			sourceTree = "<group>";
		};
		6CB5E22C24EA71B30002E77B /* DoodleMaster */ = {
			isa = PBXGroup;
			children = (
				6CD9169925A1FB24005AF586 /* Fonts */,
				6CF1709025924922000DB2A9 /* Textures */,
				6C10815C25508A8900464DF7 /* Views */,
				6C10815D25508AB500464DF7 /* Models */,
				6C4B865F253604CE000CB7E0 /* Web */,
				6CB5E22D24EA71B30002E77B /* AppDelegate.swift */,
				6CB5E22F24EA71B30002E77B /* SceneDelegate.swift */,
				6CB5E23324EA71B40002E77B /* Assets.xcassets */,
				6CB5E23824EA71B40002E77B /* LaunchScreen.storyboard */,
				6CB5E23B24EA71B40002E77B /* Info.plist */,
				6CB5E23524EA71B40002E77B /* Preview Content */,
				6CF1708D25912C13000DB2A9 /* extensions.swift */,
			);
			path = DoodleMaster;
			sourceTree = "<group>";
		};
		6CB5E23524EA71B40002E77B /* Preview Content */ = {
			isa = PBXGroup;
			children = (
				6CB5E23624EA71B40002E77B /* Preview Assets.xcassets */,
			);
			path = "Preview Content";
			sourceTree = "<group>";
		};
		6CD9169925A1FB24005AF586 /* Fonts */ = {
			isa = PBXGroup;
			children = (
				6C6B614725A1EC8D004ADDBA /* LucidaGrande.ttf */,
				6CD9169625A1FB11005AF586 /* LithosPro-Regular.otf */,
			);
			path = Fonts;
			sourceTree = "<group>";
		};
		6CF1709025924922000DB2A9 /* Textures */ = {
			isa = PBXGroup;
			children = (
				6CF1709125924A88000DB2A9 /* pencil.png */,
			);
			path = Textures;
			sourceTree = "<group>";
		};
/* End PBXGroup section */

/* Begin PBXNativeTarget section */
		6CB5E22924EA71B30002E77B /* ArtWorkout */ = {
			isa = PBXNativeTarget;
			buildConfigurationList = 6CB5E23E24EA71B40002E77B /* Build configuration list for PBXNativeTarget "ArtWorkout" */;
			buildPhases = (
				266B1787443F8011323F4DE3 /* [CP] Check Pods Manifest.lock */,
				6CB5E22624EA71B30002E77B /* Sources */,
				6CB5E22724EA71B30002E77B /* Frameworks */,
				6CB5E22824EA71B30002E77B /* Resources */,
				4B1F95E7C2B016EF20B9661D /* [CP] Embed Pods Frameworks */,
			);
			buildRules = (
			);
			dependencies = (
			);
			name = ArtWorkout;
			productName = DoodleMaster;
			productReference = 6CB5E22A24EA71B30002E77B /* Art Workout.app */;
			productType = "com.apple.product-type.application";
		};
/* End PBXNativeTarget section */

/* Begin PBXProject section */
		6CB5E22224EA71B30002E77B /* Project object */ = {
			isa = PBXProject;
			attributes = {
				LastSwiftUpdateCheck = 1160;
				LastUpgradeCheck = 1200;
				ORGANIZATIONNAME = "Aleksandr Ulitin";
				TargetAttributes = {
					6CB5E22924EA71B30002E77B = {
						CreatedOnToolsVersion = 11.6;
					};
				};
			};
			buildConfigurationList = 6CB5E22524EA71B30002E77B /* Build configuration list for PBXProject "DoodleMaster" */;
			compatibilityVersion = "Xcode 9.3";
			developmentRegion = en;
			hasScannedForEncodings = 0;
			knownRegions = (
				en,
				Base,
			);
			mainGroup = 6CB5E22124EA71B30002E77B;
			productRefGroup = 6CB5E22B24EA71B30002E77B /* Products */;
			projectDirPath = "";
			projectRoot = "";
			targets = (
				6CB5E22924EA71B30002E77B /* ArtWorkout */,
			);
		};
/* End PBXProject section */

/* Begin PBXResourcesBuildPhase section */
		6CB5E22824EA71B30002E77B /* Resources */ = {
			isa = PBXResourcesBuildPhase;
			buildActionMask = 2147483647;
			files = (
				6CF1709225924A88000DB2A9 /* pencil.png in Resources */,
				6CB5E24824EA7B8E0002E77B /* MaLiang in Resources */,
				6CB5E23A24EA71B40002E77B /* LaunchScreen.storyboard in Resources */,
				6C6B615025A1F202004ADDBA /* LucidaGrande.ttf in Resources */,
				6CB5E23724EA71B40002E77B /* Preview Assets.xcassets in Resources */,
				6C4B8660253604CE000CB7E0 /* Web in Resources */,
				6CB5E23424EA71B40002E77B /* Assets.xcassets in Resources */,
				6CD9169725A1FB11005AF586 /* LithosPro-Regular.otf in Resources */,
			);
			runOnlyForDeploymentPostprocessing = 0;
		};
/* End PBXResourcesBuildPhase section */

/* Begin PBXShellScriptBuildPhase section */
		266B1787443F8011323F4DE3 /* [CP] Check Pods Manifest.lock */ = {
			isa = PBXShellScriptBuildPhase;
			buildActionMask = 2147483647;
			files = (
			);
			inputFileListPaths = (
			);
			inputPaths = (
				"${PODS_PODFILE_DIR_PATH}/Podfile.lock",
				"${PODS_ROOT}/Manifest.lock",
			);
			name = "[CP] Check Pods Manifest.lock";
			outputFileListPaths = (
			);
			outputPaths = (
				"$(DERIVED_FILE_DIR)/Pods-DoodleMaster-checkManifestLockResult.txt",
			);
			runOnlyForDeploymentPostprocessing = 0;
			shellPath = /bin/sh;
			shellScript = "diff \"${PODS_PODFILE_DIR_PATH}/Podfile.lock\" \"${PODS_ROOT}/Manifest.lock\" > /dev/null\nif [ $? != 0 ] ; then\n    # print error to STDERR\n    echo \"error: The sandbox is not in sync with the Podfile.lock. Run 'pod install' or update your CocoaPods installation.\" >&2\n    exit 1\nfi\n# This output is used by Xcode 'outputs' to avoid re-running this script phase.\necho \"SUCCESS\" > \"${SCRIPT_OUTPUT_FILE_0}\"\n";
			showEnvVarsInLog = 0;
		};
		4B1F95E7C2B016EF20B9661D /* [CP] Embed Pods Frameworks */ = {
			isa = PBXShellScriptBuildPhase;
			buildActionMask = 2147483647;
			files = (
			);
			inputFileListPaths = (
				"${PODS_ROOT}/Target Support Files/Pods-DoodleMaster/Pods-DoodleMaster-frameworks-${CONFIGURATION}-input-files.xcfilelist",
			);
			name = "[CP] Embed Pods Frameworks";
			outputFileListPaths = (
				"${PODS_ROOT}/Target Support Files/Pods-DoodleMaster/Pods-DoodleMaster-frameworks-${CONFIGURATION}-output-files.xcfilelist",
			);
			runOnlyForDeploymentPostprocessing = 0;
			shellPath = /bin/sh;
			shellScript = "\"${PODS_ROOT}/Target Support Files/Pods-DoodleMaster/Pods-DoodleMaster-frameworks.sh\"\n";
			showEnvVarsInLog = 0;
		};
/* End PBXShellScriptBuildPhase section */

/* Begin PBXSourcesBuildPhase section */
		6CB5E22624EA71B30002E77B /* Sources */ = {
			isa = PBXSourcesBuildPhase;
			buildActionMask = 2147483647;
			files = (
				6C81834625A31A730023EF67 /* TaskMenuView.swift in Sources */,
				6C89EA22259F75CA00CD8741 /* ResultDetailsView.swift in Sources */,
				6CB5E22E24EA71B30002E77B /* AppDelegate.swift in Sources */,
				6CA1D2192534ACA600CDDDFE /* WebViewWrapper.swift in Sources */,
				6C244AF82573E0A6004015DE /* Course.swift in Sources */,
				6C6B613A25A1CF65004ADDBA /* StepFailView.swift in Sources */,
				6C89EA1B259F6D8300CD8741 /* StepSuccessView.swift in Sources */,
				6CF1708E25912C13000DB2A9 /* extensions.swift in Sources */,
				6C67B1E42555CF750062B12B /* ResultProgressView.swift in Sources */,
				6CD1912925BC5F1700D3C792 /* CourseDescriptionView.swift in Sources */,
				6C6B614225A1DC0B004ADDBA /* MyImageView.swift in Sources */,
				6C53439925AF39DF00BE544B /* Courses.swift in Sources */,
				6CB5E23024EA71B30002E77B /* SceneDelegate.swift in Sources */,
				6CF01E9425D1AAD5004E8695 /* CourseListItemView.swift in Sources */,
				6C6B613725A1CCE2004ADDBA /* TaskOverlayView.swift in Sources */,
				6CF5926C25A9F8B7003E9E03 /* CarouselView.swift in Sources */,
				6C6B613D25A1D128004ADDBA /* WhyFailedView.swift in Sources */,
				6C5A88F525D1647F00A7FD02 /* CourseProgressView.swift in Sources */,
				6C307106252876D000B645C1 /* Task.swift in Sources */,
				6C36CFA325AF2F20001A2FDE /* CourseListView.swift in Sources */,
				6C10815F25508B6800464DF7 /* RootView.swift in Sources */,
				6CB5E23224EA71B30002E77B /* TaskView.swift in Sources */,
				6C307128252DF25400B645C1 /* Result.swift in Sources */,
				6CDD7CC82551CDF700E750C2 /* LazyView.swift in Sources */,
				6C89EA1E259F6DA200CD8741 /* TaskResultView.swift in Sources */,
				6CAE185725B06C9B008AFD31 /* CourseListState.swift in Sources */,
				6C3105C724EA9E2A0017F99F /* CanvasWrapper.swift in Sources */,
				6C1B596B254467E500D44A4E /* TaskState.swift in Sources */,
				6C3071092528BC3C00B645C1 /* TaskListView.swift in Sources */,
			);
			runOnlyForDeploymentPostprocessing = 0;
		};
/* End PBXSourcesBuildPhase section */

/* Begin PBXVariantGroup section */
		6CB5E23824EA71B40002E77B /* LaunchScreen.storyboard */ = {
			isa = PBXVariantGroup;
			children = (
				6CB5E23924EA71B40002E77B /* Base */,
			);
			name = LaunchScreen.storyboard;
			sourceTree = "<group>";
		};
/* End PBXVariantGroup section */

/* Begin XCBuildConfiguration section */
		6CB5E23C24EA71B40002E77B /* Debug */ = {
			isa = XCBuildConfiguration;
			buildSettings = {
				ALWAYS_SEARCH_USER_PATHS = NO;
				CLANG_ANALYZER_NONNULL = YES;
				CLANG_ANALYZER_NUMBER_OBJECT_CONVERSION = YES_AGGRESSIVE;
				CLANG_CXX_LANGUAGE_STANDARD = "gnu++14";
				CLANG_CXX_LIBRARY = "libc++";
				CLANG_ENABLE_MODULES = YES;
				CLANG_ENABLE_OBJC_ARC = YES;
				CLANG_ENABLE_OBJC_WEAK = YES;
				CLANG_WARN_BLOCK_CAPTURE_AUTORELEASING = YES;
				CLANG_WARN_BOOL_CONVERSION = YES;
				CLANG_WARN_COMMA = YES;
				CLANG_WARN_CONSTANT_CONVERSION = YES;
				CLANG_WARN_DEPRECATED_OBJC_IMPLEMENTATIONS = YES;
				CLANG_WARN_DIRECT_OBJC_ISA_USAGE = YES_ERROR;
				CLANG_WARN_DOCUMENTATION_COMMENTS = YES;
				CLANG_WARN_EMPTY_BODY = YES;
				CLANG_WARN_ENUM_CONVERSION = YES;
				CLANG_WARN_INFINITE_RECURSION = YES;
				CLANG_WARN_INT_CONVERSION = YES;
				CLANG_WARN_NON_LITERAL_NULL_CONVERSION = YES;
				CLANG_WARN_OBJC_IMPLICIT_RETAIN_SELF = YES;
				CLANG_WARN_OBJC_LITERAL_CONVERSION = YES;
				CLANG_WARN_OBJC_ROOT_CLASS = YES_ERROR;
				CLANG_WARN_QUOTED_INCLUDE_IN_FRAMEWORK_HEADER = YES;
				CLANG_WARN_RANGE_LOOP_ANALYSIS = YES;
				CLANG_WARN_STRICT_PROTOTYPES = YES;
				CLANG_WARN_SUSPICIOUS_MOVE = YES;
				CLANG_WARN_UNGUARDED_AVAILABILITY = YES_AGGRESSIVE;
				CLANG_WARN_UNREACHABLE_CODE = YES;
				CLANG_WARN__DUPLICATE_METHOD_MATCH = YES;
				COPY_PHASE_STRIP = NO;
				DEBUG_INFORMATION_FORMAT = dwarf;
				ENABLE_STRICT_OBJC_MSGSEND = YES;
				ENABLE_TESTABILITY = YES;
				GCC_C_LANGUAGE_STANDARD = gnu11;
				GCC_DYNAMIC_NO_PIC = NO;
				GCC_NO_COMMON_BLOCKS = YES;
				GCC_OPTIMIZATION_LEVEL = 0;
				GCC_PREPROCESSOR_DEFINITIONS = (
					"DEBUG=1",
					"$(inherited)",
				);
				GCC_WARN_64_TO_32_BIT_CONVERSION = YES;
				GCC_WARN_ABOUT_RETURN_TYPE = YES_ERROR;
				GCC_WARN_UNDECLARED_SELECTOR = YES;
				GCC_WARN_UNINITIALIZED_AUTOS = YES_AGGRESSIVE;
				GCC_WARN_UNUSED_FUNCTION = YES;
				GCC_WARN_UNUSED_VARIABLE = YES;
				IPHONEOS_DEPLOYMENT_TARGET = 14.0;
				MTL_ENABLE_DEBUG_INFO = INCLUDE_SOURCE;
				MTL_FAST_MATH = YES;
				ONLY_ACTIVE_ARCH = YES;
				SDKROOT = iphoneos;
				SWIFT_ACTIVE_COMPILATION_CONDITIONS = DEBUG;
				SWIFT_OPTIMIZATION_LEVEL = "-Onone";
				TARGETED_DEVICE_FAMILY = 2;
			};
			name = Debug;
		};
		6CB5E23D24EA71B40002E77B /* Release */ = {
			isa = XCBuildConfiguration;
			buildSettings = {
				ALWAYS_SEARCH_USER_PATHS = NO;
				CLANG_ANALYZER_NONNULL = YES;
				CLANG_ANALYZER_NUMBER_OBJECT_CONVERSION = YES_AGGRESSIVE;
				CLANG_CXX_LANGUAGE_STANDARD = "gnu++14";
				CLANG_CXX_LIBRARY = "libc++";
				CLANG_ENABLE_MODULES = YES;
				CLANG_ENABLE_OBJC_ARC = YES;
				CLANG_ENABLE_OBJC_WEAK = YES;
				CLANG_WARN_BLOCK_CAPTURE_AUTORELEASING = YES;
				CLANG_WARN_BOOL_CONVERSION = YES;
				CLANG_WARN_COMMA = YES;
				CLANG_WARN_CONSTANT_CONVERSION = YES;
				CLANG_WARN_DEPRECATED_OBJC_IMPLEMENTATIONS = YES;
				CLANG_WARN_DIRECT_OBJC_ISA_USAGE = YES_ERROR;
				CLANG_WARN_DOCUMENTATION_COMMENTS = YES;
				CLANG_WARN_EMPTY_BODY = YES;
				CLANG_WARN_ENUM_CONVERSION = YES;
				CLANG_WARN_INFINITE_RECURSION = YES;
				CLANG_WARN_INT_CONVERSION = YES;
				CLANG_WARN_NON_LITERAL_NULL_CONVERSION = YES;
				CLANG_WARN_OBJC_IMPLICIT_RETAIN_SELF = YES;
				CLANG_WARN_OBJC_LITERAL_CONVERSION = YES;
				CLANG_WARN_OBJC_ROOT_CLASS = YES_ERROR;
				CLANG_WARN_QUOTED_INCLUDE_IN_FRAMEWORK_HEADER = YES;
				CLANG_WARN_RANGE_LOOP_ANALYSIS = YES;
				CLANG_WARN_STRICT_PROTOTYPES = YES;
				CLANG_WARN_SUSPICIOUS_MOVE = YES;
				CLANG_WARN_UNGUARDED_AVAILABILITY = YES_AGGRESSIVE;
				CLANG_WARN_UNREACHABLE_CODE = YES;
				CLANG_WARN__DUPLICATE_METHOD_MATCH = YES;
				COPY_PHASE_STRIP = NO;
				DEBUG_INFORMATION_FORMAT = "dwarf-with-dsym";
				ENABLE_NS_ASSERTIONS = NO;
				ENABLE_STRICT_OBJC_MSGSEND = YES;
				GCC_C_LANGUAGE_STANDARD = gnu11;
				GCC_NO_COMMON_BLOCKS = YES;
				GCC_WARN_64_TO_32_BIT_CONVERSION = YES;
				GCC_WARN_ABOUT_RETURN_TYPE = YES_ERROR;
				GCC_WARN_UNDECLARED_SELECTOR = YES;
				GCC_WARN_UNINITIALIZED_AUTOS = YES_AGGRESSIVE;
				GCC_WARN_UNUSED_FUNCTION = YES;
				GCC_WARN_UNUSED_VARIABLE = YES;
				IPHONEOS_DEPLOYMENT_TARGET = 14.0;
				MTL_ENABLE_DEBUG_INFO = NO;
				MTL_FAST_MATH = YES;
				SDKROOT = iphoneos;
				SWIFT_COMPILATION_MODE = wholemodule;
				SWIFT_OPTIMIZATION_LEVEL = "-O";
				TARGETED_DEVICE_FAMILY = 2;
				VALIDATE_PRODUCT = YES;
			};
			name = Release;
		};
		6CB5E23F24EA71B40002E77B /* Debug */ = {
			isa = XCBuildConfiguration;
			baseConfigurationReference = 6DF4032C3D9C4B591B33B725 /* Pods-DoodleMaster.debug.xcconfig */;
			buildSettings = {
				ASSETCATALOG_COMPILER_APPICON_NAME = AppIcon;
				CODE_SIGN_STYLE = Automatic;
				CURRENT_PROJECT_VERSION = 26;
				DEVELOPMENT_ASSET_PATHS = "\"DoodleMaster/Preview Content\"";
				DEVELOPMENT_TEAM = Y4F8L5FEED;
				ENABLE_PREVIEWS = YES;
				INFOPLIST_FILE = DoodleMaster/Info.plist;
				LD_RUNPATH_SEARCH_PATHS = (
					"$(inherited)",
					"@executable_path/Frameworks",
				);
				MARKETING_VERSION = 1.0;
				PRODUCT_BUNDLE_IDENTIFIER = com.momwillbeproud.artworkout;
				PRODUCT_NAME = "Art Workout";
				SWIFT_VERSION = 5.0;
				TARGETED_DEVICE_FAMILY = 2;
			};
			name = Debug;
		};
		6CB5E24024EA71B40002E77B /* Release */ = {
			isa = XCBuildConfiguration;
			baseConfigurationReference = A63DDCAC882B24748BF10D54 /* Pods-DoodleMaster.release.xcconfig */;
			buildSettings = {
				ASSETCATALOG_COMPILER_APPICON_NAME = AppIcon;
				CODE_SIGN_STYLE = Automatic;
				CURRENT_PROJECT_VERSION = 26;
				DEVELOPMENT_ASSET_PATHS = "\"DoodleMaster/Preview Content\"";
				DEVELOPMENT_TEAM = Y4F8L5FEED;
				ENABLE_PREVIEWS = YES;
				INFOPLIST_FILE = DoodleMaster/Info.plist;
				LD_RUNPATH_SEARCH_PATHS = (
					"$(inherited)",
					"@executable_path/Frameworks",
				);
				MARKETING_VERSION = 1.0;
				PRODUCT_BUNDLE_IDENTIFIER = com.momwillbeproud.artworkout;
				PRODUCT_NAME = "Art Workout";
				SWIFT_VERSION = 5.0;
				TARGETED_DEVICE_FAMILY = 2;
			};
			name = Release;
		};
/* End XCBuildConfiguration section */

/* Begin XCConfigurationList section */
		6CB5E22524EA71B30002E77B /* Build configuration list for PBXProject "DoodleMaster" */ = {
			isa = XCConfigurationList;
			buildConfigurations = (
				6CB5E23C24EA71B40002E77B /* Debug */,
				6CB5E23D24EA71B40002E77B /* Release */,
			);
			defaultConfigurationIsVisible = 0;
			defaultConfigurationName = Release;
		};
		6CB5E23E24EA71B40002E77B /* Build configuration list for PBXNativeTarget "ArtWorkout" */ = {
			isa = XCConfigurationList;
			buildConfigurations = (
				6CB5E23F24EA71B40002E77B /* Debug */,
				6CB5E24024EA71B40002E77B /* Release */,
			);
			defaultConfigurationIsVisible = 0;
			defaultConfigurationName = Release;
		};
/* End XCConfigurationList section */
	};
	rootObject = 6CB5E22224EA71B30002E77B /* Project object */;
}
